
Microsoft Visual Studio Solution File, Format Version 12.00
# Visual Studio Version 17
VisualStudioVersion = 17.2.32526.322
MinimumVisualStudioVersion = 10.0.40219.1
Project("{FAE04EC0-301F-11D3-BF4B-00C04F79EFBC}") = "HesapMakinesi", "HesapMakinesi\HesapMakinesi.csproj", "{7AB896BC-15C6-4D9E-9601-8627B54D2902}"
EndProject
Global
	GlobalSection(SolutionConfigurationPlatforms) = preSolution
		Debug|Any CPU = Debug|Any CPU
		Release|Any CPU = Release|Any CPU
	EndGlobalSection
	GlobalSection(ProjectConfigurationPlatforms) = postSolution
		{7AB896BC-15C6-4D9E-9601-8627B54D2902}.Debug|Any CPU.ActiveCfg = Debug|Any CPU
		{7AB896BC-15C6-4D9E-9601-8627B54D2902}.Debug|Any CPU.Build.0 = Debug|Any CPU
		{7AB896BC-15C6-4D9E-9601-8627B54D2902}.Release|Any CPU.ActiveCfg = Release|Any CPU
		{7AB896BC-15C6-4D9E-9601-8627B54D2902}.Release|Any CPU.Build.0 = Release|Any CPU
	EndGlobalSection
	GlobalSection(SolutionProperties) = preSolution
		HideSolutionNode = FALSE
	EndGlobalSection
	GlobalSection(ExtensibilityGlobals) = postSolution
		SolutionGuid = {6A47B10D-618C-42EC-BB68-8B21B5E431ED}
	EndGlobalSection
EndGlobal
